
Microsoft Visual Studio Solution File, Format Version 12.00
# Visual Studio 15
VisualStudioVersion = 15.0.28307.1525
MinimumVisualStudioVersion = 10.0.40219.1
Project("{FAE04EC0-301F-11D3-BF4B-00C04F79EFBC}") = "M157_DownloadExtent_TEST", "M157_DownloadExtent_TEST\M157_DownloadExtent_TEST.csproj", "{AB393B05-4F4F-4B51-AAC0-49BE8ABC808A}"
EndProject
Global
	GlobalSection(SolutionConfigurationPlatforms) = preSolution
		Debug|Any CPU = Debug|Any CPU
		Release|Any CPU = Release|Any CPU
	EndGlobalSection
	GlobalSection(ProjectConfigurationPlatforms) = postSolution
		{AB393B05-4F4F-4B51-AAC0-49BE8ABC808A}.Debug|Any CPU.ActiveCfg = Debug|Any CPU
		{AB393B05-4F4F-4B51-AAC0-49BE8ABC808A}.Debug|Any CPU.Build.0 = Debug|Any CPU
		{AB393B05-4F4F-4B51-AAC0-49BE8ABC808A}.Release|Any CPU.ActiveCfg = Release|Any CPU
		{AB393B05-4F4F-4B51-AAC0-49BE8ABC808A}.Release|Any CPU.Build.0 = Release|Any CPU
	EndGlobalSection
	GlobalSection(SolutionProperties) = preSolution
		HideSolutionNode = FALSE
	EndGlobalSection
	GlobalSection(ExtensibilityGlobals) = postSolution
		SolutionGuid = {A893A639-A683-48AF-876E-A15F401CE746}
	EndGlobalSection
EndGlobal
