
Microsoft Visual Studio Solution File, Format Version 12.00
# Visual Studio 15
VisualStudioVersion = 15.0.28307.1525
MinimumVisualStudioVersion = 10.0.40219.1
Project("{FAE04EC0-301F-11D3-BF4B-00C04F79EFBC}") = "AmericaStockTest", "AmericaStockTest\AmericaStockTest.csproj", "{695DB9E6-FDB1-453F-8C19-DE9004594E29}"
EndProject
Global
	GlobalSection(SolutionConfigurationPlatforms) = preSolution
		Debug|Any CPU = Debug|Any CPU
		Release|Any CPU = Release|Any CPU
	EndGlobalSection
	GlobalSection(ProjectConfigurationPlatforms) = postSolution
		{695DB9E6-FDB1-453F-8C19-DE9004594E29}.Debug|Any CPU.ActiveCfg = Debug|Any CPU
		{695DB9E6-FDB1-453F-8C19-DE9004594E29}.Debug|Any CPU.Build.0 = Debug|Any CPU
		{695DB9E6-FDB1-453F-8C19-DE9004594E29}.Release|Any CPU.ActiveCfg = Release|Any CPU
		{695DB9E6-FDB1-453F-8C19-DE9004594E29}.Release|Any CPU.Build.0 = Release|Any CPU
	EndGlobalSection
	GlobalSection(SolutionProperties) = preSolution
		HideSolutionNode = FALSE
	EndGlobalSection
	GlobalSection(ExtensibilityGlobals) = postSolution
		SolutionGuid = {086893A7-803A-4456-BBB3-2A787229402B}
	EndGlobalSection
EndGlobal
