
Microsoft Visual Studio Solution File, Format Version 12.00
# Visual Studio 15
VisualStudioVersion = 15.0.28307.1525
MinimumVisualStudioVersion = 10.0.40219.1
Project("{FAE04EC0-301F-11D3-BF4B-00C04F79EFBC}") = "ClassLibrary1", "ClassLibrary1\ClassLibrary1.csproj", "{000D82CB-081D-4D36-8EAC-7EEDB72C31F9}"
EndProject
Project("{FAE04EC0-301F-11D3-BF4B-00C04F79EFBC}") = "CountPriceTest", "CountPriceTest\CountPriceTest.csproj", "{7F531C2E-F005-4620-A571-078862E75252}"
EndProject
Global
	GlobalSection(SolutionConfigurationPlatforms) = preSolution
		Debug|Any CPU = Debug|Any CPU
		Release|Any CPU = Release|Any CPU
	EndGlobalSection
	GlobalSection(ProjectConfigurationPlatforms) = postSolution
		{000D82CB-081D-4D36-8EAC-7EEDB72C31F9}.Debug|Any CPU.ActiveCfg = Debug|Any CPU
		{000D82CB-081D-4D36-8EAC-7EEDB72C31F9}.Debug|Any CPU.Build.0 = Debug|Any CPU
		{000D82CB-081D-4D36-8EAC-7EEDB72C31F9}.Release|Any CPU.ActiveCfg = Release|Any CPU
		{000D82CB-081D-4D36-8EAC-7EEDB72C31F9}.Release|Any CPU.Build.0 = Release|Any CPU
		{7F531C2E-F005-4620-A571-078862E75252}.Debug|Any CPU.ActiveCfg = Debug|Any CPU
		{7F531C2E-F005-4620-A571-078862E75252}.Debug|Any CPU.Build.0 = Debug|Any CPU
		{7F531C2E-F005-4620-A571-078862E75252}.Release|Any CPU.ActiveCfg = Release|Any CPU
		{7F531C2E-F005-4620-A571-078862E75252}.Release|Any CPU.Build.0 = Release|Any CPU
	EndGlobalSection
	GlobalSection(SolutionProperties) = preSolution
		HideSolutionNode = FALSE
	EndGlobalSection
	GlobalSection(ExtensibilityGlobals) = postSolution
		SolutionGuid = {7484ADCD-470E-4DB0-BA87-6A54F0CB2438}
	EndGlobalSection
EndGlobal
