
Microsoft Visual Studio Solution File, Format Version 12.00
# Visual Studio 15
VisualStudioVersion = 15.0.28307.1684
MinimumVisualStudioVersion = 10.0.40219.1
Project("{FAE04EC0-301F-11D3-BF4B-00C04F79EFBC}") = "RaceCon", "TaskAsyncAwait\RaceCon.csproj", "{129C12C2-39D4-4C6D-AE01-37246B2CA52F}"
EndProject
Project("{FAE04EC0-301F-11D3-BF4B-00C04F79EFBC}") = "AsyncAwait", "AsyncAwait2\AsyncAwait.csproj", "{3B7CD858-68C7-40A1-BF1A-E25F153797BA}"
EndProject
Project("{FAE04EC0-301F-11D3-BF4B-00C04F79EFBC}") = "ForeAndBack", "ForeAndBack\ForeAndBack.csproj", "{2613AD69-C00B-4FD9-814C-79070DD78F4F}"
EndProject
Project("{FAE04EC0-301F-11D3-BF4B-00C04F79EFBC}") = "WindowsFormDeadLock", "WindowsFormDeadLock\WindowsFormDeadLock.csproj", "{570008AD-DD10-43DA-941E-9AF910C680EE}"
EndProject
Project("{FAE04EC0-301F-11D3-BF4B-00C04F79EFBC}") = "AsyncAwaitWinForm", "AsyncAwaitWinForm\AsyncAwaitWinForm.csproj", "{9E9581AE-8017-4787-98D0-F7DD8B7A9CC2}"
EndProject
Project("{FAE04EC0-301F-11D3-BF4B-00C04F79EFBC}") = "AsyLi", "AysncLi\AsyLi.csproj", "{92842344-1030-43B1-A031-883CA418F42E}"
EndProject
Global
	GlobalSection(SolutionConfigurationPlatforms) = preSolution
		Debug|Any CPU = Debug|Any CPU
		Release|Any CPU = Release|Any CPU
	EndGlobalSection
	GlobalSection(ProjectConfigurationPlatforms) = postSolution
		{129C12C2-39D4-4C6D-AE01-37246B2CA52F}.Debug|Any CPU.ActiveCfg = Debug|Any CPU
		{129C12C2-39D4-4C6D-AE01-37246B2CA52F}.Debug|Any CPU.Build.0 = Debug|Any CPU
		{129C12C2-39D4-4C6D-AE01-37246B2CA52F}.Release|Any CPU.ActiveCfg = Release|Any CPU
		{129C12C2-39D4-4C6D-AE01-37246B2CA52F}.Release|Any CPU.Build.0 = Release|Any CPU
		{3B7CD858-68C7-40A1-BF1A-E25F153797BA}.Debug|Any CPU.ActiveCfg = Debug|Any CPU
		{3B7CD858-68C7-40A1-BF1A-E25F153797BA}.Debug|Any CPU.Build.0 = Debug|Any CPU
		{3B7CD858-68C7-40A1-BF1A-E25F153797BA}.Release|Any CPU.ActiveCfg = Release|Any CPU
		{3B7CD858-68C7-40A1-BF1A-E25F153797BA}.Release|Any CPU.Build.0 = Release|Any CPU
		{2613AD69-C00B-4FD9-814C-79070DD78F4F}.Debug|Any CPU.ActiveCfg = Debug|Any CPU
		{2613AD69-C00B-4FD9-814C-79070DD78F4F}.Debug|Any CPU.Build.0 = Debug|Any CPU
		{2613AD69-C00B-4FD9-814C-79070DD78F4F}.Release|Any CPU.ActiveCfg = Release|Any CPU
		{2613AD69-C00B-4FD9-814C-79070DD78F4F}.Release|Any CPU.Build.0 = Release|Any CPU
		{570008AD-DD10-43DA-941E-9AF910C680EE}.Debug|Any CPU.ActiveCfg = Debug|Any CPU
		{570008AD-DD10-43DA-941E-9AF910C680EE}.Debug|Any CPU.Build.0 = Debug|Any CPU
		{570008AD-DD10-43DA-941E-9AF910C680EE}.Release|Any CPU.ActiveCfg = Release|Any CPU
		{570008AD-DD10-43DA-941E-9AF910C680EE}.Release|Any CPU.Build.0 = Release|Any CPU
		{9E9581AE-8017-4787-98D0-F7DD8B7A9CC2}.Debug|Any CPU.ActiveCfg = Debug|Any CPU
		{9E9581AE-8017-4787-98D0-F7DD8B7A9CC2}.Debug|Any CPU.Build.0 = Debug|Any CPU
		{9E9581AE-8017-4787-98D0-F7DD8B7A9CC2}.Release|Any CPU.ActiveCfg = Release|Any CPU
		{9E9581AE-8017-4787-98D0-F7DD8B7A9CC2}.Release|Any CPU.Build.0 = Release|Any CPU
		{92842344-1030-43B1-A031-883CA418F42E}.Debug|Any CPU.ActiveCfg = Debug|Any CPU
		{92842344-1030-43B1-A031-883CA418F42E}.Debug|Any CPU.Build.0 = Debug|Any CPU
		{92842344-1030-43B1-A031-883CA418F42E}.Release|Any CPU.ActiveCfg = Release|Any CPU
		{92842344-1030-43B1-A031-883CA418F42E}.Release|Any CPU.Build.0 = Release|Any CPU
	EndGlobalSection
	GlobalSection(SolutionProperties) = preSolution
		HideSolutionNode = FALSE
	EndGlobalSection
	GlobalSection(ExtensibilityGlobals) = postSolution
		SolutionGuid = {C25CC593-C4FE-4DEE-A54B-F06E508D724D}
	EndGlobalSection
EndGlobal
