
Microsoft Visual Studio Solution File, Format Version 12.00
# Visual Studio 15
VisualStudioVersion = 15.0.28307.1525
MinimumVisualStudioVersion = 10.0.40219.1
Project("{FAE04EC0-301F-11D3-BF4B-00C04F79EFBC}") = "M382_重要國際指數與個股_luann", "M382_重要國際指數與個股_luann\M382_重要國際指數與個股_luann.csproj", "{6A1912D0-9E06-4C9C-8313-50C4C7ADD059}"
EndProject
Global
	GlobalSection(SolutionConfigurationPlatforms) = preSolution
		Debug|Any CPU = Debug|Any CPU
		Release|Any CPU = Release|Any CPU
	EndGlobalSection
	GlobalSection(ProjectConfigurationPlatforms) = postSolution
		{6A1912D0-9E06-4C9C-8313-50C4C7ADD059}.Debug|Any CPU.ActiveCfg = Debug|Any CPU
		{6A1912D0-9E06-4C9C-8313-50C4C7ADD059}.Debug|Any CPU.Build.0 = Debug|Any CPU
		{6A1912D0-9E06-4C9C-8313-50C4C7ADD059}.Release|Any CPU.ActiveCfg = Release|Any CPU
		{6A1912D0-9E06-4C9C-8313-50C4C7ADD059}.Release|Any CPU.Build.0 = Release|Any CPU
	EndGlobalSection
	GlobalSection(SolutionProperties) = preSolution
		HideSolutionNode = FALSE
	EndGlobalSection
	GlobalSection(ExtensibilityGlobals) = postSolution
		SolutionGuid = {F3FA677E-F7BC-4FBA-AD35-B1E9A87DDFB2}
	EndGlobalSection
EndGlobal
